
Microsoft Visual Studio Solution File, Format Version 12.00
# Visual Studio Version 17
VisualStudioVersion = 17.5.33627.172
MinimumVisualStudioVersion = 10.0.40219.1
Project("{FAE04EC0-301F-11D3-BF4B-00C04F79EFBC}") = "c7_Reflection", "c7_Reflection.csproj", "{4BB69F92-A26E-4DC3-B3AE-87F5B8BAB14C}"
EndProject
Global
	GlobalSection(SolutionConfigurationPlatforms) = preSolution
		Debug|Any CPU = Debug|Any CPU
		Release|Any CPU = Release|Any CPU
	EndGlobalSection
	GlobalSection(ProjectConfigurationPlatforms) = postSolution
		{4BB69F92-A26E-4DC3-B3AE-87F5B8BAB14C}.Debug|Any CPU.ActiveCfg = Debug|Any CPU
		{4BB69F92-A26E-4DC3-B3AE-87F5B8BAB14C}.Debug|Any CPU.Build.0 = Debug|Any CPU
		{4BB69F92-A26E-4DC3-B3AE-87F5B8BAB14C}.Release|Any CPU.ActiveCfg = Release|Any CPU
		{4BB69F92-A26E-4DC3-B3AE-87F5B8BAB14C}.Release|Any CPU.Build.0 = Release|Any CPU
	EndGlobalSection
	GlobalSection(SolutionProperties) = preSolution
		HideSolutionNode = FALSE
	EndGlobalSection
	GlobalSection(ExtensibilityGlobals) = postSolution
		SolutionGuid = {8BA88B69-6708-4976-A0E5-54B3084BAB99}
	EndGlobalSection
EndGlobal
